
Microsoft Visual Studio Solution File, Format Version 12.00
# Visual Studio 2015
Project("{FAE04EC0-301F-11D3-BF4B-00C04F79EFBC}") = "trunk.CSharp", "trunk.CSharp.csproj", "{714D6F45-D948-65C6-9402-1907B23B8168}"
EndProject
Project("{FAE04EC0-301F-11D3-BF4B-00C04F79EFBC}") = "trunk.CSharp.Editor", "trunk.CSharp.Editor.csproj", "{1314CFD0-F561-A3C7-ED29-FA9E18FC853F}"
EndProject
Global
	GlobalSection(SolutionConfigurationPlatforms) = preSolution
		Debug|Any CPU = Debug|Any CPU
		Release|Any CPU = Release|Any CPU
	EndGlobalSection
	GlobalSection(ProjectConfigurationPlatforms) = postSolution
		{714D6F45-D948-65C6-9402-1907B23B8168}.Debug|Any CPU.ActiveCfg = Debug|Any CPU
		{714D6F45-D948-65C6-9402-1907B23B8168}.Debug|Any CPU.Build.0 = Debug|Any CPU
		{714D6F45-D948-65C6-9402-1907B23B8168}.Release|Any CPU.ActiveCfg = Release|Any CPU
		{714D6F45-D948-65C6-9402-1907B23B8168}.Release|Any CPU.Build.0 = Release|Any CPU
		{1314CFD0-F561-A3C7-ED29-FA9E18FC853F}.Debug|Any CPU.ActiveCfg = Debug|Any CPU
		{1314CFD0-F561-A3C7-ED29-FA9E18FC853F}.Debug|Any CPU.Build.0 = Debug|Any CPU
		{1314CFD0-F561-A3C7-ED29-FA9E18FC853F}.Release|Any CPU.ActiveCfg = Release|Any CPU
		{1314CFD0-F561-A3C7-ED29-FA9E18FC853F}.Release|Any CPU.Build.0 = Release|Any CPU
	EndGlobalSection
	GlobalSection(SolutionProperties) = preSolution
		HideSolutionNode = FALSE
	EndGlobalSection
EndGlobal
